
Microsoft Visual Studio Solution File, Format Version 12.00
# Visual Studio Version 16
VisualStudioVersion = 16.0.31515.178
MinimumVisualStudioVersion = 10.0.40219.1
Project("{2150E333-8FDC-42A3-9474-1A3956D46DE8}") = "Application", "Application", "{30BB3BEB-138B-493C-955E-811B20599F73}"
EndProject
Project("{2150E333-8FDC-42A3-9474-1A3956D46DE8}") = "Core", "Core", "{D0537918-8882-42A3-B4D8-3C2B526B949F}"
EndProject
Project("{2150E333-8FDC-42A3-9474-1A3956D46DE8}") = "Infrastructure", "Infrastructure", "{74208B76-9774-4C54-A4F4-98CFE3132F58}"
EndProject
Project("{2150E333-8FDC-42A3-9474-1A3956D46DE8}") = "Utility", "Utility", "{73B9CFD6-6676-4199-A5B4-FFF8D4F243FB}"
EndProject
Project("{FAE04EC0-301F-11D3-BF4B-00C04F79EFBC}") = "eShop.ApplicationService", "eShop.ApplicationService\eShop.ApplicationService.csproj", "{73A4958B-82D0-4211-8240-F7019CFBD5B5}"
EndProject
Project("{FAE04EC0-301F-11D3-BF4B-00C04F79EFBC}") = "eShop.DataTransferObject", "eShop.DataTransferObject\eShop.DataTransferObject.csproj", "{9C044B55-62DF-4034-ADCC-E34228F1BEBF}"
EndProject
Project("{FAE04EC0-301F-11D3-BF4B-00C04F79EFBC}") = "eShop.DomainModel", "eShop.DomainModel\eShop.DomainModel.csproj", "{C0418286-4828-4DBE-B525-7CBEF03BAE58}"
EndProject
Project("{FAE04EC0-301F-11D3-BF4B-00C04F79EFBC}") = "eShop.DomainService", "eShop.DomainService\eShop.DomainService.csproj", "{E9F1B847-DFB0-4709-8A62-3D661529620B}"
EndProject
Project("{FAE04EC0-301F-11D3-BF4B-00C04F79EFBC}") = "eShop.Utility", "eShop.Utility\eShop.Utility.csproj", "{DA63B1A5-45E6-4998-9EC0-F050F6BF1498}"
EndProject
Project("{FAE04EC0-301F-11D3-BF4B-00C04F79EFBC}") = "eShop.Web", "eShop.Web\eShop.Web.csproj", "{0DD02135-AF4E-426B-B15E-372EBC8D9130}"
EndProject
Project("{FAE04EC0-301F-11D3-BF4B-00C04F79EFBC}") = "eShop.Admin", "eShop.Admin\eShop.Admin.csproj", "{33934134-DC35-4DE9-84D6-3DD1AB3008BF}"
EndProject
Project("{2150E333-8FDC-42A3-9474-1A3956D46DE8}") = "Persistence", "Persistence", "{3183A0D0-4C83-4DBB-8BE6-B8C9B554CA89}"
EndProject
Project("{FAE04EC0-301F-11D3-BF4B-00C04F79EFBC}") = "eShop.DataBaseRepository", "eShop.DataBaseRepository\eShop.DataBaseRepository.csproj", "{E39322C0-8DFA-43D6-89F1-7D8D3B8CF820}"
EndProject
Global
	GlobalSection(SolutionConfigurationPlatforms) = preSolution
		Debug|Any CPU = Debug|Any CPU
		Release|Any CPU = Release|Any CPU
	EndGlobalSection
	GlobalSection(ProjectConfigurationPlatforms) = postSolution
		{73A4958B-82D0-4211-8240-F7019CFBD5B5}.Debug|Any CPU.ActiveCfg = Debug|Any CPU
		{73A4958B-82D0-4211-8240-F7019CFBD5B5}.Debug|Any CPU.Build.0 = Debug|Any CPU
		{73A4958B-82D0-4211-8240-F7019CFBD5B5}.Release|Any CPU.ActiveCfg = Release|Any CPU
		{73A4958B-82D0-4211-8240-F7019CFBD5B5}.Release|Any CPU.Build.0 = Release|Any CPU
		{9C044B55-62DF-4034-ADCC-E34228F1BEBF}.Debug|Any CPU.ActiveCfg = Debug|Any CPU
		{9C044B55-62DF-4034-ADCC-E34228F1BEBF}.Debug|Any CPU.Build.0 = Debug|Any CPU
		{9C044B55-62DF-4034-ADCC-E34228F1BEBF}.Release|Any CPU.ActiveCfg = Release|Any CPU
		{9C044B55-62DF-4034-ADCC-E34228F1BEBF}.Release|Any CPU.Build.0 = Release|Any CPU
		{C0418286-4828-4DBE-B525-7CBEF03BAE58}.Debug|Any CPU.ActiveCfg = Debug|Any CPU
		{C0418286-4828-4DBE-B525-7CBEF03BAE58}.Debug|Any CPU.Build.0 = Debug|Any CPU
		{C0418286-4828-4DBE-B525-7CBEF03BAE58}.Release|Any CPU.ActiveCfg = Release|Any CPU
		{C0418286-4828-4DBE-B525-7CBEF03BAE58}.Release|Any CPU.Build.0 = Release|Any CPU
		{E9F1B847-DFB0-4709-8A62-3D661529620B}.Debug|Any CPU.ActiveCfg = Debug|Any CPU
		{E9F1B847-DFB0-4709-8A62-3D661529620B}.Debug|Any CPU.Build.0 = Debug|Any CPU
		{E9F1B847-DFB0-4709-8A62-3D661529620B}.Release|Any CPU.ActiveCfg = Release|Any CPU
		{E9F1B847-DFB0-4709-8A62-3D661529620B}.Release|Any CPU.Build.0 = Release|Any CPU
		{DA63B1A5-45E6-4998-9EC0-F050F6BF1498}.Debug|Any CPU.ActiveCfg = Debug|Any CPU
		{DA63B1A5-45E6-4998-9EC0-F050F6BF1498}.Debug|Any CPU.Build.0 = Debug|Any CPU
		{DA63B1A5-45E6-4998-9EC0-F050F6BF1498}.Release|Any CPU.ActiveCfg = Release|Any CPU
		{DA63B1A5-45E6-4998-9EC0-F050F6BF1498}.Release|Any CPU.Build.0 = Release|Any CPU
		{0DD02135-AF4E-426B-B15E-372EBC8D9130}.Debug|Any CPU.ActiveCfg = Debug|Any CPU
		{0DD02135-AF4E-426B-B15E-372EBC8D9130}.Debug|Any CPU.Build.0 = Debug|Any CPU
		{0DD02135-AF4E-426B-B15E-372EBC8D9130}.Release|Any CPU.ActiveCfg = Release|Any CPU
		{0DD02135-AF4E-426B-B15E-372EBC8D9130}.Release|Any CPU.Build.0 = Release|Any CPU
		{33934134-DC35-4DE9-84D6-3DD1AB3008BF}.Debug|Any CPU.ActiveCfg = Debug|Any CPU
		{33934134-DC35-4DE9-84D6-3DD1AB3008BF}.Debug|Any CPU.Build.0 = Debug|Any CPU
		{33934134-DC35-4DE9-84D6-3DD1AB3008BF}.Release|Any CPU.ActiveCfg = Release|Any CPU
		{33934134-DC35-4DE9-84D6-3DD1AB3008BF}.Release|Any CPU.Build.0 = Release|Any CPU
		{E39322C0-8DFA-43D6-89F1-7D8D3B8CF820}.Debug|Any CPU.ActiveCfg = Debug|Any CPU
		{E39322C0-8DFA-43D6-89F1-7D8D3B8CF820}.Debug|Any CPU.Build.0 = Debug|Any CPU
		{E39322C0-8DFA-43D6-89F1-7D8D3B8CF820}.Release|Any CPU.ActiveCfg = Release|Any CPU
		{E39322C0-8DFA-43D6-89F1-7D8D3B8CF820}.Release|Any CPU.Build.0 = Release|Any CPU
	EndGlobalSection
	GlobalSection(SolutionProperties) = preSolution
		HideSolutionNode = FALSE
	EndGlobalSection
	GlobalSection(NestedProjects) = preSolution
		{73A4958B-82D0-4211-8240-F7019CFBD5B5} = {D0537918-8882-42A3-B4D8-3C2B526B949F}
		{9C044B55-62DF-4034-ADCC-E34228F1BEBF} = {D0537918-8882-42A3-B4D8-3C2B526B949F}
		{C0418286-4828-4DBE-B525-7CBEF03BAE58} = {D0537918-8882-42A3-B4D8-3C2B526B949F}
		{E9F1B847-DFB0-4709-8A62-3D661529620B} = {D0537918-8882-42A3-B4D8-3C2B526B949F}
		{DA63B1A5-45E6-4998-9EC0-F050F6BF1498} = {73B9CFD6-6676-4199-A5B4-FFF8D4F243FB}
		{0DD02135-AF4E-426B-B15E-372EBC8D9130} = {30BB3BEB-138B-493C-955E-811B20599F73}
		{33934134-DC35-4DE9-84D6-3DD1AB3008BF} = {30BB3BEB-138B-493C-955E-811B20599F73}
		{3183A0D0-4C83-4DBB-8BE6-B8C9B554CA89} = {74208B76-9774-4C54-A4F4-98CFE3132F58}
		{E39322C0-8DFA-43D6-89F1-7D8D3B8CF820} = {3183A0D0-4C83-4DBB-8BE6-B8C9B554CA89}
	EndGlobalSection
	GlobalSection(ExtensibilityGlobals) = postSolution
		SolutionGuid = {4F9ED109-AA9E-4984-A599-7212B02AC89C}
	EndGlobalSection
EndGlobal
